
Microsoft Visual Studio Solution File, Format Version 12.00
# Visual Studio Version 16
VisualStudioVersion = 16.0.30320.27
MinimumVisualStudioVersion = 10.0.40219.1
Project("{FAE04EC0-301F-11D3-BF4B-00C04F79EFBC}") = "20200910", "20200910\20200910.csproj", "{CC86DB9F-FA28-4C3E-BE6D-0B09936F6C60}"
EndProject
Global
	GlobalSection(SolutionConfigurationPlatforms) = preSolution
		Debug|Any CPU = Debug|Any CPU
		Release|Any CPU = Release|Any CPU
	EndGlobalSection
	GlobalSection(ProjectConfigurationPlatforms) = postSolution
		{CC86DB9F-FA28-4C3E-BE6D-0B09936F6C60}.Debug|Any CPU.ActiveCfg = Debug|Any CPU
		{CC86DB9F-FA28-4C3E-BE6D-0B09936F6C60}.Debug|Any CPU.Build.0 = Debug|Any CPU
		{CC86DB9F-FA28-4C3E-BE6D-0B09936F6C60}.Release|Any CPU.ActiveCfg = Release|Any CPU
		{CC86DB9F-FA28-4C3E-BE6D-0B09936F6C60}.Release|Any CPU.Build.0 = Release|Any CPU
	EndGlobalSection
	GlobalSection(SolutionProperties) = preSolution
		HideSolutionNode = FALSE
	EndGlobalSection
	GlobalSection(ExtensibilityGlobals) = postSolution
		SolutionGuid = {1D03E277-FC51-4850-AD78-4D76055FDE05}
	EndGlobalSection
EndGlobal
