
Microsoft Visual Studio Solution File, Format Version 12.00
# Visual Studio Version 16
VisualStudioVersion = 16.0.30320.27
MinimumVisualStudioVersion = 10.0.40219.1
Project("{FAE04EC0-301F-11D3-BF4B-00C04F79EFBC}") = "Thread_001", "Thread_001\Thread_001.csproj", "{9AE0FF96-54A4-4BFD-862A-BFD1E10B3C88}"
EndProject
Global
	GlobalSection(SolutionConfigurationPlatforms) = preSolution
		Debug|Any CPU = Debug|Any CPU
		Release|Any CPU = Release|Any CPU
	EndGlobalSection
	GlobalSection(ProjectConfigurationPlatforms) = postSolution
		{9AE0FF96-54A4-4BFD-862A-BFD1E10B3C88}.Debug|Any CPU.ActiveCfg = Debug|Any CPU
		{9AE0FF96-54A4-4BFD-862A-BFD1E10B3C88}.Debug|Any CPU.Build.0 = Debug|Any CPU
		{9AE0FF96-54A4-4BFD-862A-BFD1E10B3C88}.Release|Any CPU.ActiveCfg = Release|Any CPU
		{9AE0FF96-54A4-4BFD-862A-BFD1E10B3C88}.Release|Any CPU.Build.0 = Release|Any CPU
	EndGlobalSection
	GlobalSection(SolutionProperties) = preSolution
		HideSolutionNode = FALSE
	EndGlobalSection
	GlobalSection(ExtensibilityGlobals) = postSolution
		SolutionGuid = {793EB506-17E6-4A5C-B527-EB4AE5E89346}
	EndGlobalSection
EndGlobal
