
Microsoft Visual Studio Solution File, Format Version 12.00
# Visual Studio Version 16
VisualStudioVersion = 16.0.30204.135
MinimumVisualStudioVersion = 10.0.40219.1
Project("{FAE04EC0-301F-11D3-BF4B-00C04F79EFBC}") = "20200630_003", "20200630_003\20200630_003.csproj", "{6C66EBB6-D869-4E50-8782-C1DA51CA8124}"
EndProject
Global
	GlobalSection(SolutionConfigurationPlatforms) = preSolution
		Debug|Any CPU = Debug|Any CPU
		Release|Any CPU = Release|Any CPU
	EndGlobalSection
	GlobalSection(ProjectConfigurationPlatforms) = postSolution
		{6C66EBB6-D869-4E50-8782-C1DA51CA8124}.Debug|Any CPU.ActiveCfg = Debug|Any CPU
		{6C66EBB6-D869-4E50-8782-C1DA51CA8124}.Debug|Any CPU.Build.0 = Debug|Any CPU
		{6C66EBB6-D869-4E50-8782-C1DA51CA8124}.Release|Any CPU.ActiveCfg = Release|Any CPU
		{6C66EBB6-D869-4E50-8782-C1DA51CA8124}.Release|Any CPU.Build.0 = Release|Any CPU
	EndGlobalSection
	GlobalSection(SolutionProperties) = preSolution
		HideSolutionNode = FALSE
	EndGlobalSection
	GlobalSection(ExtensibilityGlobals) = postSolution
		SolutionGuid = {CB414B45-8548-4DA3-B7DA-CB2804C1941F}
	EndGlobalSection
EndGlobal
