
Microsoft Visual Studio Solution File, Format Version 12.00
# Visual Studio Version 16
VisualStudioVersion = 16.0.30204.135
MinimumVisualStudioVersion = 10.0.40219.1
Project("{FAE04EC0-301F-11D3-BF4B-00C04F79EFBC}") = "20200701_007", "20200701_007\20200701_007.csproj", "{3C60630F-4313-4386-B879-9AF6BBA7B9EE}"
EndProject
Global
	GlobalSection(SolutionConfigurationPlatforms) = preSolution
		Debug|Any CPU = Debug|Any CPU
		Release|Any CPU = Release|Any CPU
	EndGlobalSection
	GlobalSection(ProjectConfigurationPlatforms) = postSolution
		{3C60630F-4313-4386-B879-9AF6BBA7B9EE}.Debug|Any CPU.ActiveCfg = Debug|Any CPU
		{3C60630F-4313-4386-B879-9AF6BBA7B9EE}.Debug|Any CPU.Build.0 = Debug|Any CPU
		{3C60630F-4313-4386-B879-9AF6BBA7B9EE}.Release|Any CPU.ActiveCfg = Release|Any CPU
		{3C60630F-4313-4386-B879-9AF6BBA7B9EE}.Release|Any CPU.Build.0 = Release|Any CPU
	EndGlobalSection
	GlobalSection(SolutionProperties) = preSolution
		HideSolutionNode = FALSE
	EndGlobalSection
	GlobalSection(ExtensibilityGlobals) = postSolution
		SolutionGuid = {9372954F-F8BF-4B4A-B9CB-C521A6EB242A}
	EndGlobalSection
EndGlobal
