
Microsoft Visual Studio Solution File, Format Version 12.00
# Visual Studio Version 16
VisualStudioVersion = 16.0.30320.27
MinimumVisualStudioVersion = 10.0.40219.1
Project("{FAE04EC0-301F-11D3-BF4B-00C04F79EFBC}") = "Network_004(Server)", "Network_004\Network_004(Server).csproj", "{B6A37992-5D14-42F6-A0DB-F6592B9B57AA}"
EndProject
Global
	GlobalSection(SolutionConfigurationPlatforms) = preSolution
		Debug|Any CPU = Debug|Any CPU
		Release|Any CPU = Release|Any CPU
	EndGlobalSection
	GlobalSection(ProjectConfigurationPlatforms) = postSolution
		{B6A37992-5D14-42F6-A0DB-F6592B9B57AA}.Debug|Any CPU.ActiveCfg = Debug|Any CPU
		{B6A37992-5D14-42F6-A0DB-F6592B9B57AA}.Debug|Any CPU.Build.0 = Debug|Any CPU
		{B6A37992-5D14-42F6-A0DB-F6592B9B57AA}.Release|Any CPU.ActiveCfg = Release|Any CPU
		{B6A37992-5D14-42F6-A0DB-F6592B9B57AA}.Release|Any CPU.Build.0 = Release|Any CPU
	EndGlobalSection
	GlobalSection(SolutionProperties) = preSolution
		HideSolutionNode = FALSE
	EndGlobalSection
	GlobalSection(ExtensibilityGlobals) = postSolution
		SolutionGuid = {E674278E-93E0-4EEE-90FB-F786E4CF4764}
	EndGlobalSection
EndGlobal
