
Microsoft Visual Studio Solution File, Format Version 12.00
# Visual Studio Version 16
VisualStudioVersion = 16.0.30204.135
MinimumVisualStudioVersion = 10.0.40219.1
Project("{FAE04EC0-301F-11D3-BF4B-00C04F79EFBC}") = "20200625_002", "20200625_002\20200625_002.csproj", "{47D81486-58E3-4D3A-AE9C-E381D57ECC34}"
EndProject
Global
	GlobalSection(SolutionConfigurationPlatforms) = preSolution
		Debug|Any CPU = Debug|Any CPU
		Release|Any CPU = Release|Any CPU
	EndGlobalSection
	GlobalSection(ProjectConfigurationPlatforms) = postSolution
		{47D81486-58E3-4D3A-AE9C-E381D57ECC34}.Debug|Any CPU.ActiveCfg = Debug|Any CPU
		{47D81486-58E3-4D3A-AE9C-E381D57ECC34}.Debug|Any CPU.Build.0 = Debug|Any CPU
		{47D81486-58E3-4D3A-AE9C-E381D57ECC34}.Release|Any CPU.ActiveCfg = Release|Any CPU
		{47D81486-58E3-4D3A-AE9C-E381D57ECC34}.Release|Any CPU.Build.0 = Release|Any CPU
	EndGlobalSection
	GlobalSection(SolutionProperties) = preSolution
		HideSolutionNode = FALSE
	EndGlobalSection
	GlobalSection(ExtensibilityGlobals) = postSolution
		SolutionGuid = {B842EF98-3FD1-4632-A7F6-8593C412D192}
	EndGlobalSection
EndGlobal
