
Microsoft Visual Studio Solution File, Format Version 12.00
# Visual Studio Version 16
VisualStudioVersion = 16.0.30204.135
MinimumVisualStudioVersion = 10.0.40219.1
Project("{FAE04EC0-301F-11D3-BF4B-00C04F79EFBC}") = "20200701_006", "20200701_006\20200701_006.csproj", "{61564982-E2E3-4E42-9DEE-9EA79317206B}"
EndProject
Global
	GlobalSection(SolutionConfigurationPlatforms) = preSolution
		Debug|Any CPU = Debug|Any CPU
		Release|Any CPU = Release|Any CPU
	EndGlobalSection
	GlobalSection(ProjectConfigurationPlatforms) = postSolution
		{61564982-E2E3-4E42-9DEE-9EA79317206B}.Debug|Any CPU.ActiveCfg = Debug|Any CPU
		{61564982-E2E3-4E42-9DEE-9EA79317206B}.Debug|Any CPU.Build.0 = Debug|Any CPU
		{61564982-E2E3-4E42-9DEE-9EA79317206B}.Release|Any CPU.ActiveCfg = Release|Any CPU
		{61564982-E2E3-4E42-9DEE-9EA79317206B}.Release|Any CPU.Build.0 = Release|Any CPU
	EndGlobalSection
	GlobalSection(SolutionProperties) = preSolution
		HideSolutionNode = FALSE
	EndGlobalSection
	GlobalSection(ExtensibilityGlobals) = postSolution
		SolutionGuid = {C407F506-2A13-495E-82A0-C1A96683F999}
	EndGlobalSection
EndGlobal
