
Microsoft Visual Studio Solution File, Format Version 12.00
# Visual Studio Version 16
VisualStudioVersion = 16.0.30320.27
MinimumVisualStudioVersion = 10.0.40219.1
Project("{FAE04EC0-301F-11D3-BF4B-00C04F79EFBC}") = "20200825_003", "20200825_003\20200825_003.csproj", "{8A026868-FA9B-4CF4-B205-6D097BC0A86E}"
EndProject
Global
	GlobalSection(SolutionConfigurationPlatforms) = preSolution
		Debug|Any CPU = Debug|Any CPU
		Release|Any CPU = Release|Any CPU
	EndGlobalSection
	GlobalSection(ProjectConfigurationPlatforms) = postSolution
		{8A026868-FA9B-4CF4-B205-6D097BC0A86E}.Debug|Any CPU.ActiveCfg = Debug|Any CPU
		{8A026868-FA9B-4CF4-B205-6D097BC0A86E}.Debug|Any CPU.Build.0 = Debug|Any CPU
		{8A026868-FA9B-4CF4-B205-6D097BC0A86E}.Release|Any CPU.ActiveCfg = Release|Any CPU
		{8A026868-FA9B-4CF4-B205-6D097BC0A86E}.Release|Any CPU.Build.0 = Release|Any CPU
	EndGlobalSection
	GlobalSection(SolutionProperties) = preSolution
		HideSolutionNode = FALSE
	EndGlobalSection
	GlobalSection(ExtensibilityGlobals) = postSolution
		SolutionGuid = {E0EECF4E-678D-4C2A-A42E-AB9EE7DB8F39}
	EndGlobalSection
EndGlobal
