
Microsoft Visual Studio Solution File, Format Version 12.00
# Visual Studio Version 16
VisualStudioVersion = 16.0.30320.27
MinimumVisualStudioVersion = 10.0.40219.1
Project("{FAE04EC0-301F-11D3-BF4B-00C04F79EFBC}") = "컬렉션", "컬렉션\컬렉션.csproj", "{82F1CE5A-501C-462E-BFB3-F607FCE353E6}"
EndProject
Global
	GlobalSection(SolutionConfigurationPlatforms) = preSolution
		Debug|Any CPU = Debug|Any CPU
		Release|Any CPU = Release|Any CPU
	EndGlobalSection
	GlobalSection(ProjectConfigurationPlatforms) = postSolution
		{82F1CE5A-501C-462E-BFB3-F607FCE353E6}.Debug|Any CPU.ActiveCfg = Debug|Any CPU
		{82F1CE5A-501C-462E-BFB3-F607FCE353E6}.Debug|Any CPU.Build.0 = Debug|Any CPU
		{82F1CE5A-501C-462E-BFB3-F607FCE353E6}.Release|Any CPU.ActiveCfg = Release|Any CPU
		{82F1CE5A-501C-462E-BFB3-F607FCE353E6}.Release|Any CPU.Build.0 = Release|Any CPU
	EndGlobalSection
	GlobalSection(SolutionProperties) = preSolution
		HideSolutionNode = FALSE
	EndGlobalSection
	GlobalSection(ExtensibilityGlobals) = postSolution
		SolutionGuid = {18C8D498-5F1A-4E30-BE7F-09B00F3C47D4}
	EndGlobalSection
EndGlobal
