
Microsoft Visual Studio Solution File, Format Version 12.00
# Visual Studio Version 16
VisualStudioVersion = 16.0.30204.135
MinimumVisualStudioVersion = 10.0.40219.1
Project("{FAE04EC0-301F-11D3-BF4B-00C04F79EFBC}") = "20200716_003", "20200716_003\20200716_003.csproj", "{58FC5816-308F-42A7-A85A-439D35ADBDBD}"
EndProject
Global
	GlobalSection(SolutionConfigurationPlatforms) = preSolution
		Debug|Any CPU = Debug|Any CPU
		Release|Any CPU = Release|Any CPU
	EndGlobalSection
	GlobalSection(ProjectConfigurationPlatforms) = postSolution
		{58FC5816-308F-42A7-A85A-439D35ADBDBD}.Debug|Any CPU.ActiveCfg = Debug|Any CPU
		{58FC5816-308F-42A7-A85A-439D35ADBDBD}.Debug|Any CPU.Build.0 = Debug|Any CPU
		{58FC5816-308F-42A7-A85A-439D35ADBDBD}.Release|Any CPU.ActiveCfg = Release|Any CPU
		{58FC5816-308F-42A7-A85A-439D35ADBDBD}.Release|Any CPU.Build.0 = Release|Any CPU
	EndGlobalSection
	GlobalSection(SolutionProperties) = preSolution
		HideSolutionNode = FALSE
	EndGlobalSection
	GlobalSection(ExtensibilityGlobals) = postSolution
		SolutionGuid = {76D5E02B-CD97-4B96-9E30-E94248947161}
	EndGlobalSection
EndGlobal
