
Microsoft Visual Studio Solution File, Format Version 12.00
# Visual Studio Version 16
VisualStudioVersion = 16.0.30320.27
MinimumVisualStudioVersion = 10.0.40219.1
Project("{FAE04EC0-301F-11D3-BF4B-00C04F79EFBC}") = "20200727_002", "20200727_002\20200727_002.csproj", "{5FADC793-32EE-47B4-9B6A-C046C585DA24}"
EndProject
Global
	GlobalSection(SolutionConfigurationPlatforms) = preSolution
		Debug|Any CPU = Debug|Any CPU
		Release|Any CPU = Release|Any CPU
	EndGlobalSection
	GlobalSection(ProjectConfigurationPlatforms) = postSolution
		{5FADC793-32EE-47B4-9B6A-C046C585DA24}.Debug|Any CPU.ActiveCfg = Debug|Any CPU
		{5FADC793-32EE-47B4-9B6A-C046C585DA24}.Debug|Any CPU.Build.0 = Debug|Any CPU
		{5FADC793-32EE-47B4-9B6A-C046C585DA24}.Release|Any CPU.ActiveCfg = Release|Any CPU
		{5FADC793-32EE-47B4-9B6A-C046C585DA24}.Release|Any CPU.Build.0 = Release|Any CPU
	EndGlobalSection
	GlobalSection(SolutionProperties) = preSolution
		HideSolutionNode = FALSE
	EndGlobalSection
	GlobalSection(ExtensibilityGlobals) = postSolution
		SolutionGuid = {85FCD653-A550-4FCA-9C6F-2A8747B6F4C2}
	EndGlobalSection
EndGlobal
