
Microsoft Visual Studio Solution File, Format Version 12.00
# Visual Studio Version 16
VisualStudioVersion = 16.0.30204.135
MinimumVisualStudioVersion = 10.0.40219.1
Project("{FAE04EC0-301F-11D3-BF4B-00C04F79EFBC}") = "20200626_002", "20200626_002\20200626_002.csproj", "{AD9BCAEC-3D74-434E-8D53-21D8E2841D3B}"
EndProject
Global
	GlobalSection(SolutionConfigurationPlatforms) = preSolution
		Debug|Any CPU = Debug|Any CPU
		Release|Any CPU = Release|Any CPU
	EndGlobalSection
	GlobalSection(ProjectConfigurationPlatforms) = postSolution
		{AD9BCAEC-3D74-434E-8D53-21D8E2841D3B}.Debug|Any CPU.ActiveCfg = Debug|Any CPU
		{AD9BCAEC-3D74-434E-8D53-21D8E2841D3B}.Debug|Any CPU.Build.0 = Debug|Any CPU
		{AD9BCAEC-3D74-434E-8D53-21D8E2841D3B}.Release|Any CPU.ActiveCfg = Release|Any CPU
		{AD9BCAEC-3D74-434E-8D53-21D8E2841D3B}.Release|Any CPU.Build.0 = Release|Any CPU
	EndGlobalSection
	GlobalSection(SolutionProperties) = preSolution
		HideSolutionNode = FALSE
	EndGlobalSection
	GlobalSection(ExtensibilityGlobals) = postSolution
		SolutionGuid = {6FBC3A1A-F2AF-4255-8713-32FEF46BB837}
	EndGlobalSection
EndGlobal
