
Microsoft Visual Studio Solution File, Format Version 12.00
# Visual Studio Version 16
VisualStudioVersion = 16.0.30204.135
MinimumVisualStudioVersion = 10.0.40219.1
Project("{FAE04EC0-301F-11D3-BF4B-00C04F79EFBC}") = "20200626_003", "20200626_003\20200626_003.csproj", "{89660D2E-FB0C-4935-B8B4-E4DEEAAB7F98}"
EndProject
Global
	GlobalSection(SolutionConfigurationPlatforms) = preSolution
		Debug|Any CPU = Debug|Any CPU
		Release|Any CPU = Release|Any CPU
	EndGlobalSection
	GlobalSection(ProjectConfigurationPlatforms) = postSolution
		{89660D2E-FB0C-4935-B8B4-E4DEEAAB7F98}.Debug|Any CPU.ActiveCfg = Debug|Any CPU
		{89660D2E-FB0C-4935-B8B4-E4DEEAAB7F98}.Debug|Any CPU.Build.0 = Debug|Any CPU
		{89660D2E-FB0C-4935-B8B4-E4DEEAAB7F98}.Release|Any CPU.ActiveCfg = Release|Any CPU
		{89660D2E-FB0C-4935-B8B4-E4DEEAAB7F98}.Release|Any CPU.Build.0 = Release|Any CPU
	EndGlobalSection
	GlobalSection(SolutionProperties) = preSolution
		HideSolutionNode = FALSE
	EndGlobalSection
	GlobalSection(ExtensibilityGlobals) = postSolution
		SolutionGuid = {049E9E75-0F9C-47B7-B4C0-AFABCD582B1A}
	EndGlobalSection
EndGlobal
