
Microsoft Visual Studio Solution File, Format Version 12.00
# Visual Studio Version 16
VisualStudioVersion = 16.0.30320.27
MinimumVisualStudioVersion = 10.0.40219.1
Project("{FAE04EC0-301F-11D3-BF4B-00C04F79EFBC}") = "20200819_004", "20200819_004\20200819_004.csproj", "{50235FE8-4FAC-4230-AEDF-3C0D75A9C55C}"
EndProject
Global
	GlobalSection(SolutionConfigurationPlatforms) = preSolution
		Debug|Any CPU = Debug|Any CPU
		Release|Any CPU = Release|Any CPU
	EndGlobalSection
	GlobalSection(ProjectConfigurationPlatforms) = postSolution
		{50235FE8-4FAC-4230-AEDF-3C0D75A9C55C}.Debug|Any CPU.ActiveCfg = Debug|Any CPU
		{50235FE8-4FAC-4230-AEDF-3C0D75A9C55C}.Debug|Any CPU.Build.0 = Debug|Any CPU
		{50235FE8-4FAC-4230-AEDF-3C0D75A9C55C}.Release|Any CPU.ActiveCfg = Release|Any CPU
		{50235FE8-4FAC-4230-AEDF-3C0D75A9C55C}.Release|Any CPU.Build.0 = Release|Any CPU
	EndGlobalSection
	GlobalSection(SolutionProperties) = preSolution
		HideSolutionNode = FALSE
	EndGlobalSection
	GlobalSection(ExtensibilityGlobals) = postSolution
		SolutionGuid = {FC5BC44D-6A37-4B58-9736-6E03124F1F73}
	EndGlobalSection
EndGlobal
