
Microsoft Visual Studio Solution File, Format Version 12.00
# Visual Studio Version 16
VisualStudioVersion = 16.0.30320.27
MinimumVisualStudioVersion = 10.0.40219.1
Project("{FAE04EC0-301F-11D3-BF4B-00C04F79EFBC}") = "20200909_006", "20200909_006\20200909_006.csproj", "{A6C02AF8-AC24-41D6-B6F6-222B611D7B12}"
EndProject
Global
	GlobalSection(SolutionConfigurationPlatforms) = preSolution
		Debug|Any CPU = Debug|Any CPU
		Release|Any CPU = Release|Any CPU
	EndGlobalSection
	GlobalSection(ProjectConfigurationPlatforms) = postSolution
		{A6C02AF8-AC24-41D6-B6F6-222B611D7B12}.Debug|Any CPU.ActiveCfg = Debug|Any CPU
		{A6C02AF8-AC24-41D6-B6F6-222B611D7B12}.Debug|Any CPU.Build.0 = Debug|Any CPU
		{A6C02AF8-AC24-41D6-B6F6-222B611D7B12}.Release|Any CPU.ActiveCfg = Release|Any CPU
		{A6C02AF8-AC24-41D6-B6F6-222B611D7B12}.Release|Any CPU.Build.0 = Release|Any CPU
	EndGlobalSection
	GlobalSection(SolutionProperties) = preSolution
		HideSolutionNode = FALSE
	EndGlobalSection
	GlobalSection(ExtensibilityGlobals) = postSolution
		SolutionGuid = {39C6D149-DAFA-4B64-964F-9262B1A75263}
	EndGlobalSection
EndGlobal
