
Microsoft Visual Studio Solution File, Format Version 12.00
# Visual Studio Version 16
VisualStudioVersion = 16.0.30320.27
MinimumVisualStudioVersion = 10.0.40219.1
Project("{FAE04EC0-301F-11D3-BF4B-00C04F79EFBC}") = "20200915_004", "20200915_004\20200915_004.csproj", "{E369DB1B-EF05-4B1F-B8AC-CCA1B731405E}"
EndProject
Global
	GlobalSection(SolutionConfigurationPlatforms) = preSolution
		Debug|Any CPU = Debug|Any CPU
		Release|Any CPU = Release|Any CPU
	EndGlobalSection
	GlobalSection(ProjectConfigurationPlatforms) = postSolution
		{E369DB1B-EF05-4B1F-B8AC-CCA1B731405E}.Debug|Any CPU.ActiveCfg = Debug|Any CPU
		{E369DB1B-EF05-4B1F-B8AC-CCA1B731405E}.Debug|Any CPU.Build.0 = Debug|Any CPU
		{E369DB1B-EF05-4B1F-B8AC-CCA1B731405E}.Release|Any CPU.ActiveCfg = Release|Any CPU
		{E369DB1B-EF05-4B1F-B8AC-CCA1B731405E}.Release|Any CPU.Build.0 = Release|Any CPU
	EndGlobalSection
	GlobalSection(SolutionProperties) = preSolution
		HideSolutionNode = FALSE
	EndGlobalSection
	GlobalSection(ExtensibilityGlobals) = postSolution
		SolutionGuid = {337ED5C0-47BC-4BF1-B706-9B179C0CACC4}
	EndGlobalSection
EndGlobal
