
Microsoft Visual Studio Solution File, Format Version 12.00
# Visual Studio Version 16
VisualStudioVersion = 16.0.30320.27
MinimumVisualStudioVersion = 10.0.40219.1
Project("{FAE04EC0-301F-11D3-BF4B-00C04F79EFBC}") = "20200724_001", "20200724_001\20200724_001.csproj", "{90545107-F9D2-4E48-BB92-66A2BBA7595F}"
EndProject
Global
	GlobalSection(SolutionConfigurationPlatforms) = preSolution
		Debug|Any CPU = Debug|Any CPU
		Release|Any CPU = Release|Any CPU
	EndGlobalSection
	GlobalSection(ProjectConfigurationPlatforms) = postSolution
		{90545107-F9D2-4E48-BB92-66A2BBA7595F}.Debug|Any CPU.ActiveCfg = Debug|Any CPU
		{90545107-F9D2-4E48-BB92-66A2BBA7595F}.Debug|Any CPU.Build.0 = Debug|Any CPU
		{90545107-F9D2-4E48-BB92-66A2BBA7595F}.Release|Any CPU.ActiveCfg = Release|Any CPU
		{90545107-F9D2-4E48-BB92-66A2BBA7595F}.Release|Any CPU.Build.0 = Release|Any CPU
	EndGlobalSection
	GlobalSection(SolutionProperties) = preSolution
		HideSolutionNode = FALSE
	EndGlobalSection
	GlobalSection(ExtensibilityGlobals) = postSolution
		SolutionGuid = {AAC23822-A6CF-49D5-9C7B-4FEF50EB99F4}
	EndGlobalSection
EndGlobal
