
Microsoft Visual Studio Solution File, Format Version 12.00
# Visual Studio Version 16
VisualStudioVersion = 16.0.30204.135
MinimumVisualStudioVersion = 10.0.40219.1
Project("{FAE04EC0-301F-11D3-BF4B-00C04F79EFBC}") = "220200717_001", "220200717_001\220200717_001.csproj", "{2506CAC2-6AFE-4B20-A453-0EDBECF9174F}"
EndProject
Global
	GlobalSection(SolutionConfigurationPlatforms) = preSolution
		Debug|Any CPU = Debug|Any CPU
		Release|Any CPU = Release|Any CPU
	EndGlobalSection
	GlobalSection(ProjectConfigurationPlatforms) = postSolution
		{2506CAC2-6AFE-4B20-A453-0EDBECF9174F}.Debug|Any CPU.ActiveCfg = Debug|Any CPU
		{2506CAC2-6AFE-4B20-A453-0EDBECF9174F}.Debug|Any CPU.Build.0 = Debug|Any CPU
		{2506CAC2-6AFE-4B20-A453-0EDBECF9174F}.Release|Any CPU.ActiveCfg = Release|Any CPU
		{2506CAC2-6AFE-4B20-A453-0EDBECF9174F}.Release|Any CPU.Build.0 = Release|Any CPU
	EndGlobalSection
	GlobalSection(SolutionProperties) = preSolution
		HideSolutionNode = FALSE
	EndGlobalSection
	GlobalSection(ExtensibilityGlobals) = postSolution
		SolutionGuid = {AE0379E3-A557-4D33-81DA-C1E506CF5289}
	EndGlobalSection
EndGlobal
