
Microsoft Visual Studio Solution File, Format Version 12.00
# Visual Studio Version 16
VisualStudioVersion = 16.0.30204.135
MinimumVisualStudioVersion = 10.0.40219.1
Project("{FAE04EC0-301F-11D3-BF4B-00C04F79EFBC}") = "20200629_002", "20200629_002\20200629_002.csproj", "{31871343-2E69-4414-8BD9-3C6BB57F107B}"
EndProject
Global
	GlobalSection(SolutionConfigurationPlatforms) = preSolution
		Debug|Any CPU = Debug|Any CPU
		Release|Any CPU = Release|Any CPU
	EndGlobalSection
	GlobalSection(ProjectConfigurationPlatforms) = postSolution
		{31871343-2E69-4414-8BD9-3C6BB57F107B}.Debug|Any CPU.ActiveCfg = Debug|Any CPU
		{31871343-2E69-4414-8BD9-3C6BB57F107B}.Debug|Any CPU.Build.0 = Debug|Any CPU
		{31871343-2E69-4414-8BD9-3C6BB57F107B}.Release|Any CPU.ActiveCfg = Release|Any CPU
		{31871343-2E69-4414-8BD9-3C6BB57F107B}.Release|Any CPU.Build.0 = Release|Any CPU
	EndGlobalSection
	GlobalSection(SolutionProperties) = preSolution
		HideSolutionNode = FALSE
	EndGlobalSection
	GlobalSection(ExtensibilityGlobals) = postSolution
		SolutionGuid = {4B9AB865-5B8A-48A4-9A38-EA07FD9CE16F}
	EndGlobalSection
EndGlobal
