
Microsoft Visual Studio Solution File, Format Version 12.00
# Visual Studio Version 16
VisualStudioVersion = 16.0.30320.27
MinimumVisualStudioVersion = 10.0.40219.1
Project("{FAE04EC0-301F-11D3-BF4B-00C04F79EFBC}") = "20200818_004", "20200818_004\20200818_004.csproj", "{875009E2-A8AE-4846-AF32-5CF8A5C8F517}"
EndProject
Global
	GlobalSection(SolutionConfigurationPlatforms) = preSolution
		Debug|Any CPU = Debug|Any CPU
		Release|Any CPU = Release|Any CPU
	EndGlobalSection
	GlobalSection(ProjectConfigurationPlatforms) = postSolution
		{875009E2-A8AE-4846-AF32-5CF8A5C8F517}.Debug|Any CPU.ActiveCfg = Debug|Any CPU
		{875009E2-A8AE-4846-AF32-5CF8A5C8F517}.Debug|Any CPU.Build.0 = Debug|Any CPU
		{875009E2-A8AE-4846-AF32-5CF8A5C8F517}.Release|Any CPU.ActiveCfg = Release|Any CPU
		{875009E2-A8AE-4846-AF32-5CF8A5C8F517}.Release|Any CPU.Build.0 = Release|Any CPU
	EndGlobalSection
	GlobalSection(SolutionProperties) = preSolution
		HideSolutionNode = FALSE
	EndGlobalSection
	GlobalSection(ExtensibilityGlobals) = postSolution
		SolutionGuid = {FC38DD9D-6123-44C8-ADED-061D1914A16C}
	EndGlobalSection
EndGlobal
