
Microsoft Visual Studio Solution File, Format Version 12.00
# Visual Studio Version 16
VisualStudioVersion = 16.0.30320.27
MinimumVisualStudioVersion = 10.0.40219.1
Project("{FAE04EC0-301F-11D3-BF4B-00C04F79EFBC}") = "20200818_002", "20200818_002\20200818_002.csproj", "{40A2B63F-C7B3-4CE1-92A3-195951A540A2}"
EndProject
Global
	GlobalSection(SolutionConfigurationPlatforms) = preSolution
		Debug|Any CPU = Debug|Any CPU
		Release|Any CPU = Release|Any CPU
	EndGlobalSection
	GlobalSection(ProjectConfigurationPlatforms) = postSolution
		{40A2B63F-C7B3-4CE1-92A3-195951A540A2}.Debug|Any CPU.ActiveCfg = Debug|Any CPU
		{40A2B63F-C7B3-4CE1-92A3-195951A540A2}.Debug|Any CPU.Build.0 = Debug|Any CPU
		{40A2B63F-C7B3-4CE1-92A3-195951A540A2}.Release|Any CPU.ActiveCfg = Release|Any CPU
		{40A2B63F-C7B3-4CE1-92A3-195951A540A2}.Release|Any CPU.Build.0 = Release|Any CPU
	EndGlobalSection
	GlobalSection(SolutionProperties) = preSolution
		HideSolutionNode = FALSE
	EndGlobalSection
	GlobalSection(ExtensibilityGlobals) = postSolution
		SolutionGuid = {4A47856B-3EDA-44F3-BB49-2A22FB7E4CC1}
	EndGlobalSection
EndGlobal
