
Microsoft Visual Studio Solution File, Format Version 12.00
# Visual Studio Version 16
VisualStudioVersion = 16.0.30204.135
MinimumVisualStudioVersion = 10.0.40219.1
Project("{FAE04EC0-301F-11D3-BF4B-00C04F79EFBC}") = "20200625_001", "20200625_001\20200625_001.csproj", "{8940AC75-30A7-42BE-80AD-DD2295046EC8}"
EndProject
Global
	GlobalSection(SolutionConfigurationPlatforms) = preSolution
		Debug|Any CPU = Debug|Any CPU
		Release|Any CPU = Release|Any CPU
	EndGlobalSection
	GlobalSection(ProjectConfigurationPlatforms) = postSolution
		{8940AC75-30A7-42BE-80AD-DD2295046EC8}.Debug|Any CPU.ActiveCfg = Debug|Any CPU
		{8940AC75-30A7-42BE-80AD-DD2295046EC8}.Debug|Any CPU.Build.0 = Debug|Any CPU
		{8940AC75-30A7-42BE-80AD-DD2295046EC8}.Release|Any CPU.ActiveCfg = Release|Any CPU
		{8940AC75-30A7-42BE-80AD-DD2295046EC8}.Release|Any CPU.Build.0 = Release|Any CPU
	EndGlobalSection
	GlobalSection(SolutionProperties) = preSolution
		HideSolutionNode = FALSE
	EndGlobalSection
	GlobalSection(ExtensibilityGlobals) = postSolution
		SolutionGuid = {13B79A66-FC49-4B31-A9C1-6A90D601BA10}
	EndGlobalSection
EndGlobal
