
Microsoft Visual Studio Solution File, Format Version 12.00
# Visual Studio Version 16
VisualStudioVersion = 16.0.30204.135
MinimumVisualStudioVersion = 10.0.40219.1
Project("{FAE04EC0-301F-11D3-BF4B-00C04F79EFBC}") = "20200713_002", "20200713_002\20200713_002.csproj", "{75DEAB77-D571-4C8A-BDAB-8C51104ACF2E}"
EndProject
Global
	GlobalSection(SolutionConfigurationPlatforms) = preSolution
		Debug|Any CPU = Debug|Any CPU
		Release|Any CPU = Release|Any CPU
	EndGlobalSection
	GlobalSection(ProjectConfigurationPlatforms) = postSolution
		{75DEAB77-D571-4C8A-BDAB-8C51104ACF2E}.Debug|Any CPU.ActiveCfg = Debug|Any CPU
		{75DEAB77-D571-4C8A-BDAB-8C51104ACF2E}.Debug|Any CPU.Build.0 = Debug|Any CPU
		{75DEAB77-D571-4C8A-BDAB-8C51104ACF2E}.Release|Any CPU.ActiveCfg = Release|Any CPU
		{75DEAB77-D571-4C8A-BDAB-8C51104ACF2E}.Release|Any CPU.Build.0 = Release|Any CPU
	EndGlobalSection
	GlobalSection(SolutionProperties) = preSolution
		HideSolutionNode = FALSE
	EndGlobalSection
	GlobalSection(ExtensibilityGlobals) = postSolution
		SolutionGuid = {E124C32E-78FD-4707-A247-6BB4F553C902}
	EndGlobalSection
EndGlobal
