
Microsoft Visual Studio Solution File, Format Version 12.00
# Visual Studio Version 16
VisualStudioVersion = 16.0.30320.27
MinimumVisualStudioVersion = 10.0.40219.1
Project("{FAE04EC0-301F-11D3-BF4B-00C04F79EFBC}") = "20200916_002", "20200916_002\20200916_002.csproj", "{B6DB295A-3CBA-4186-9220-E2D1718FF471}"
EndProject
Global
	GlobalSection(SolutionConfigurationPlatforms) = preSolution
		Debug|Any CPU = Debug|Any CPU
		Release|Any CPU = Release|Any CPU
	EndGlobalSection
	GlobalSection(ProjectConfigurationPlatforms) = postSolution
		{B6DB295A-3CBA-4186-9220-E2D1718FF471}.Debug|Any CPU.ActiveCfg = Debug|Any CPU
		{B6DB295A-3CBA-4186-9220-E2D1718FF471}.Debug|Any CPU.Build.0 = Debug|Any CPU
		{B6DB295A-3CBA-4186-9220-E2D1718FF471}.Release|Any CPU.ActiveCfg = Release|Any CPU
		{B6DB295A-3CBA-4186-9220-E2D1718FF471}.Release|Any CPU.Build.0 = Release|Any CPU
	EndGlobalSection
	GlobalSection(SolutionProperties) = preSolution
		HideSolutionNode = FALSE
	EndGlobalSection
	GlobalSection(ExtensibilityGlobals) = postSolution
		SolutionGuid = {A4FD4958-F51A-4A57-B5D2-E722A2CE1BF7}
	EndGlobalSection
EndGlobal
