
Microsoft Visual Studio Solution File, Format Version 12.00
# Visual Studio Version 16
VisualStudioVersion = 16.0.30320.27
MinimumVisualStudioVersion = 10.0.40219.1
Project("{FAE04EC0-301F-11D3-BF4B-00C04F79EFBC}") = "20200821_003", "20200821_003\20200821_003.csproj", "{687479B1-C96B-44D4-91BE-0A9C73FB6C80}"
EndProject
Global
	GlobalSection(SolutionConfigurationPlatforms) = preSolution
		Debug|Any CPU = Debug|Any CPU
		Release|Any CPU = Release|Any CPU
	EndGlobalSection
	GlobalSection(ProjectConfigurationPlatforms) = postSolution
		{687479B1-C96B-44D4-91BE-0A9C73FB6C80}.Debug|Any CPU.ActiveCfg = Debug|Any CPU
		{687479B1-C96B-44D4-91BE-0A9C73FB6C80}.Debug|Any CPU.Build.0 = Debug|Any CPU
		{687479B1-C96B-44D4-91BE-0A9C73FB6C80}.Release|Any CPU.ActiveCfg = Release|Any CPU
		{687479B1-C96B-44D4-91BE-0A9C73FB6C80}.Release|Any CPU.Build.0 = Release|Any CPU
	EndGlobalSection
	GlobalSection(SolutionProperties) = preSolution
		HideSolutionNode = FALSE
	EndGlobalSection
	GlobalSection(ExtensibilityGlobals) = postSolution
		SolutionGuid = {EFA85314-A6DC-44A3-B50D-ABF9463C88E9}
	EndGlobalSection
EndGlobal
