
Microsoft Visual Studio Solution File, Format Version 12.00
# Visual Studio Version 16
VisualStudioVersion = 16.0.30204.135
MinimumVisualStudioVersion = 10.0.40219.1
Project("{FAE04EC0-301F-11D3-BF4B-00C04F79EFBC}") = "20200715_001", "20200715_001\20200715_001.csproj", "{808CB565-EAD2-4882-B3AE-3499BAD38B89}"
EndProject
Global
	GlobalSection(SolutionConfigurationPlatforms) = preSolution
		Debug|Any CPU = Debug|Any CPU
		Release|Any CPU = Release|Any CPU
	EndGlobalSection
	GlobalSection(ProjectConfigurationPlatforms) = postSolution
		{808CB565-EAD2-4882-B3AE-3499BAD38B89}.Debug|Any CPU.ActiveCfg = Debug|Any CPU
		{808CB565-EAD2-4882-B3AE-3499BAD38B89}.Debug|Any CPU.Build.0 = Debug|Any CPU
		{808CB565-EAD2-4882-B3AE-3499BAD38B89}.Release|Any CPU.ActiveCfg = Release|Any CPU
		{808CB565-EAD2-4882-B3AE-3499BAD38B89}.Release|Any CPU.Build.0 = Release|Any CPU
	EndGlobalSection
	GlobalSection(SolutionProperties) = preSolution
		HideSolutionNode = FALSE
	EndGlobalSection
	GlobalSection(ExtensibilityGlobals) = postSolution
		SolutionGuid = {B71F51FA-58C8-4A11-9438-B23E6CC761D4}
	EndGlobalSection
EndGlobal
