
Microsoft Visual Studio Solution File, Format Version 12.00
# Visual Studio Version 16
VisualStudioVersion = 16.0.30204.135
MinimumVisualStudioVersion = 10.0.40219.1
Project("{FAE04EC0-301F-11D3-BF4B-00C04F79EFBC}") = "20200629_004 try_catch문", "20200629_004 try_catch문ㄴ\20200629_004 try_catch문.csproj", "{8CB288BB-A981-4796-9818-12FCDC99DB63}"
EndProject
Global
	GlobalSection(SolutionConfigurationPlatforms) = preSolution
		Debug|Any CPU = Debug|Any CPU
		Release|Any CPU = Release|Any CPU
	EndGlobalSection
	GlobalSection(ProjectConfigurationPlatforms) = postSolution
		{8CB288BB-A981-4796-9818-12FCDC99DB63}.Debug|Any CPU.ActiveCfg = Debug|Any CPU
		{8CB288BB-A981-4796-9818-12FCDC99DB63}.Debug|Any CPU.Build.0 = Debug|Any CPU
		{8CB288BB-A981-4796-9818-12FCDC99DB63}.Release|Any CPU.ActiveCfg = Release|Any CPU
		{8CB288BB-A981-4796-9818-12FCDC99DB63}.Release|Any CPU.Build.0 = Release|Any CPU
	EndGlobalSection
	GlobalSection(SolutionProperties) = preSolution
		HideSolutionNode = FALSE
	EndGlobalSection
	GlobalSection(ExtensibilityGlobals) = postSolution
		SolutionGuid = {9B4762A4-CB93-4B90-9356-BE05CE2A8CE3}
	EndGlobalSection
EndGlobal
